
Microsoft Visual Studio Solution File, Format Version 12.00
# Visual Studio 14
VisualStudioVersion = 14.0.25420.1
MinimumVisualStudioVersion = 10.0.40219.1
Project("{FAE04EC0-301F-11D3-BF4B-00C04F79EFBC}") = "Simple_reminder", "Simple reminder\Simple_reminder\Simple_reminder.csproj", "{9BA29693-5C93-4C5C-80EC-E49F77E0BFF0}"
EndProject
Project("{FAE04EC0-301F-11D3-BF4B-00C04F79EFBC}") = "Simple_reminder.Droid", "Simple reminder\Simple_reminder.Droid\Simple_reminder.Droid.csproj", "{0443FED3-1BCD-4A03-BFFF-7467BD182007}"
EndProject
Project("{FAE04EC0-301F-11D3-BF4B-00C04F79EFBC}") = "Simple_reminder.iOS", "Simple reminder\Simple_reminder.iOS\Simple_reminder.iOS.csproj", "{1CF1944C-7908-4FF2-AD1A-FA34D688C76B}"
EndProject
Project("{FAE04EC0-301F-11D3-BF4B-00C04F79EFBC}") = "Simple_reminder.WinPhone", "Simple reminder\Simple_reminder.WinPhone\Simple_reminder.WinPhone.csproj", "{B719573E-8FC9-4078-9793-4A3DC8AA7AFD}"
EndProject
Project("{FAE04EC0-301F-11D3-BF4B-00C04F79EFBC}") = "Simple_reminder.UWP", "Simple reminder\Simple_reminder.UWP\Simple_reminder.UWP.csproj", "{38273923-055F-47B8-8067-710E734A0BBA}"
EndProject
Project("{FAE04EC0-301F-11D3-BF4B-00C04F79EFBC}") = "Simple_reminder.Windows", "Simple reminder\Simple_reminder.Windows\Simple_reminder.Windows.csproj", "{782241E2-17AB-47AF-9908-3472EB8064C2}"
EndProject
Global
	GlobalSection(SolutionConfigurationPlatforms) = preSolution
		Ad-Hoc|Any CPU = Ad-Hoc|Any CPU
		Ad-Hoc|ARM = Ad-Hoc|ARM
		Ad-Hoc|iPhone = Ad-Hoc|iPhone
		Ad-Hoc|iPhoneSimulator = Ad-Hoc|iPhoneSimulator
		Ad-Hoc|x64 = Ad-Hoc|x64
		Ad-Hoc|x86 = Ad-Hoc|x86
		AppStore|Any CPU = AppStore|Any CPU
		AppStore|ARM = AppStore|ARM
		AppStore|iPhone = AppStore|iPhone
		AppStore|iPhoneSimulator = AppStore|iPhoneSimulator
		AppStore|x64 = AppStore|x64
		AppStore|x86 = AppStore|x86
		Debug|Any CPU = Debug|Any CPU
		Debug|ARM = Debug|ARM
		Debug|iPhone = Debug|iPhone
		Debug|iPhoneSimulator = Debug|iPhoneSimulator
		Debug|x64 = Debug|x64
		Debug|x86 = Debug|x86
		Release|Any CPU = Release|Any CPU
		Release|ARM = Release|ARM
		Release|iPhone = Release|iPhone
		Release|iPhoneSimulator = Release|iPhoneSimulator
		Release|x64 = Release|x64
		Release|x86 = Release|x86
	EndGlobalSection
	GlobalSection(ProjectConfigurationPlatforms) = postSolution
		{9BA29693-5C93-4C5C-80EC-E49F77E0BFF0}.Ad-Hoc|Any CPU.ActiveCfg = Release|Any CPU
		{9BA29693-5C93-4C5C-80EC-E49F77E0BFF0}.Ad-Hoc|Any CPU.Build.0 = Release|Any CPU
		{9BA29693-5C93-4C5C-80EC-E49F77E0BFF0}.Ad-Hoc|ARM.ActiveCfg = Release|Any CPU
		{9BA29693-5C93-4C5C-80EC-E49F77E0BFF0}.Ad-Hoc|ARM.Build.0 = Release|Any CPU
		{9BA29693-5C93-4C5C-80EC-E49F77E0BFF0}.Ad-Hoc|iPhone.ActiveCfg = Release|Any CPU
		{9BA29693-5C93-4C5C-80EC-E49F77E0BFF0}.Ad-Hoc|iPhone.Build.0 = Release|Any CPU
		{9BA29693-5C93-4C5C-80EC-E49F77E0BFF0}.Ad-Hoc|iPhoneSimulator.ActiveCfg = Release|Any CPU
		{9BA29693-5C93-4C5C-80EC-E49F77E0BFF0}.Ad-Hoc|iPhoneSimulator.Build.0 = Release|Any CPU
		{9BA29693-5C93-4C5C-80EC-E49F77E0BFF0}.Ad-Hoc|x64.ActiveCfg = Release|Any CPU
		{9BA29693-5C93-4C5C-80EC-E49F77E0BFF0}.Ad-Hoc|x64.Build.0 = Release|Any CPU
		{9BA29693-5C93-4C5C-80EC-E49F77E0BFF0}.Ad-Hoc|x86.ActiveCfg = Release|Any CPU
		{9BA29693-5C93-4C5C-80EC-E49F77E0BFF0}.Ad-Hoc|x86.Build.0 = Release|Any CPU
		{9BA29693-5C93-4C5C-80EC-E49F77E0BFF0}.AppStore|Any CPU.ActiveCfg = Release|Any CPU
		{9BA29693-5C93-4C5C-80EC-E49F77E0BFF0}.AppStore|Any CPU.Build.0 = Release|Any CPU
		{9BA29693-5C93-4C5C-80EC-E49F77E0BFF0}.AppStore|ARM.ActiveCfg = Release|Any CPU
		{9BA29693-5C93-4C5C-80EC-E49F77E0BFF0}.AppStore|ARM.Build.0 = Release|Any CPU
		{9BA29693-5C93-4C5C-80EC-E49F77E0BFF0}.AppStore|iPhone.ActiveCfg = Release|Any CPU
		{9BA29693-5C93-4C5C-80EC-E49F77E0BFF0}.AppStore|iPhone.Build.0 = Release|Any CPU
		{9BA29693-5C93-4C5C-80EC-E49F77E0BFF0}.AppStore|iPhoneSimulator.ActiveCfg = Release|Any CPU
		{9BA29693-5C93-4C5C-80EC-E49F77E0BFF0}.AppStore|iPhoneSimulator.Build.0 = Release|Any CPU
		{9BA29693-5C93-4C5C-80EC-E49F77E0BFF0}.AppStore|x64.ActiveCfg = Release|Any CPU
		{9BA29693-5C93-4C5C-80EC-E49F77E0BFF0}.AppStore|x64.Build.0 = Release|Any CPU
		{9BA29693-5C93-4C5C-80EC-E49F77E0BFF0}.AppStore|x86.ActiveCfg = Release|Any CPU
		{9BA29693-5C93-4C5C-80EC-E49F77E0BFF0}.AppStore|x86.Build.0 = Release|Any CPU
		{9BA29693-5C93-4C5C-80EC-E49F77E0BFF0}.Debug|Any CPU.ActiveCfg = Debug|Any CPU
		{9BA29693-5C93-4C5C-80EC-E49F77E0BFF0}.Debug|Any CPU.Build.0 = Debug|Any CPU
		{9BA29693-5C93-4C5C-80EC-E49F77E0BFF0}.Debug|ARM.ActiveCfg = Debug|Any CPU
		{9BA29693-5C93-4C5C-80EC-E49F77E0BFF0}.Debug|ARM.Build.0 = Debug|Any CPU
		{9BA29693-5C93-4C5C-80EC-E49F77E0BFF0}.Debug|iPhone.ActiveCfg = Debug|Any CPU
		{9BA29693-5C93-4C5C-80EC-E49F77E0BFF0}.Debug|iPhone.Build.0 = Debug|Any CPU
		{9BA29693-5C93-4C5C-80EC-E49F77E0BFF0}.Debug|iPhoneSimulator.ActiveCfg = Debug|Any CPU
		{9BA29693-5C93-4C5C-80EC-E49F77E0BFF0}.Debug|iPhoneSimulator.Build.0 = Debug|Any CPU
		{9BA29693-5C93-4C5C-80EC-E49F77E0BFF0}.Debug|x64.ActiveCfg = Debug|Any CPU
		{9BA29693-5C93-4C5C-80EC-E49F77E0BFF0}.Debug|x64.Build.0 = Debug|Any CPU
		{9BA29693-5C93-4C5C-80EC-E49F77E0BFF0}.Debug|x86.ActiveCfg = Debug|Any CPU
		{9BA29693-5C93-4C5C-80EC-E49F77E0BFF0}.Debug|x86.Build.0 = Debug|Any CPU
		{9BA29693-5C93-4C5C-80EC-E49F77E0BFF0}.Release|Any CPU.ActiveCfg = Release|Any CPU
		{9BA29693-5C93-4C5C-80EC-E49F77E0BFF0}.Release|Any CPU.Build.0 = Release|Any CPU
		{9BA29693-5C93-4C5C-80EC-E49F77E0BFF0}.Release|ARM.ActiveCfg = Release|Any CPU
		{9BA29693-5C93-4C5C-80EC-E49F77E0BFF0}.Release|ARM.Build.0 = Release|Any CPU
		{9BA29693-5C93-4C5C-80EC-E49F77E0BFF0}.Release|iPhone.ActiveCfg = Release|Any CPU
		{9BA29693-5C93-4C5C-80EC-E49F77E0BFF0}.Release|iPhone.Build.0 = Release|Any CPU
		{9BA29693-5C93-4C5C-80EC-E49F77E0BFF0}.Release|iPhoneSimulator.ActiveCfg = Release|Any CPU
		{9BA29693-5C93-4C5C-80EC-E49F77E0BFF0}.Release|iPhoneSimulator.Build.0 = Release|Any CPU
		{9BA29693-5C93-4C5C-80EC-E49F77E0BFF0}.Release|x64.ActiveCfg = Release|Any CPU
		{9BA29693-5C93-4C5C-80EC-E49F77E0BFF0}.Release|x64.Build.0 = Release|Any CPU
		{9BA29693-5C93-4C5C-80EC-E49F77E0BFF0}.Release|x86.ActiveCfg = Release|Any CPU
		{9BA29693-5C93-4C5C-80EC-E49F77E0BFF0}.Release|x86.Build.0 = Release|Any CPU
		{0443FED3-1BCD-4A03-BFFF-7467BD182007}.Ad-Hoc|Any CPU.ActiveCfg = Release|Any CPU
		{0443FED3-1BCD-4A03-BFFF-7467BD182007}.Ad-Hoc|Any CPU.Build.0 = Release|Any CPU
		{0443FED3-1BCD-4A03-BFFF-7467BD182007}.Ad-Hoc|Any CPU.Deploy.0 = Release|Any CPU
		{0443FED3-1BCD-4A03-BFFF-7467BD182007}.Ad-Hoc|ARM.ActiveCfg = Release|Any CPU
		{0443FED3-1BCD-4A03-BFFF-7467BD182007}.Ad-Hoc|ARM.Build.0 = Release|Any CPU
		{0443FED3-1BCD-4A03-BFFF-7467BD182007}.Ad-Hoc|ARM.Deploy.0 = Release|Any CPU
		{0443FED3-1BCD-4A03-BFFF-7467BD182007}.Ad-Hoc|iPhone.ActiveCfg = Release|Any CPU
		{0443FED3-1BCD-4A03-BFFF-7467BD182007}.Ad-Hoc|iPhone.Build.0 = Release|Any CPU
		{0443FED3-1BCD-4A03-BFFF-7467BD182007}.Ad-Hoc|iPhone.Deploy.0 = Release|Any CPU
		{0443FED3-1BCD-4A03-BFFF-7467BD182007}.Ad-Hoc|iPhoneSimulator.ActiveCfg = Release|Any CPU
		{0443FED3-1BCD-4A03-BFFF-7467BD182007}.Ad-Hoc|iPhoneSimulator.Build.0 = Release|Any CPU
		{0443FED3-1BCD-4A03-BFFF-7467BD182007}.Ad-Hoc|iPhoneSimulator.Deploy.0 = Release|Any CPU
		{0443FED3-1BCD-4A03-BFFF-7467BD182007}.Ad-Hoc|x64.ActiveCfg = Release|Any CPU
		{0443FED3-1BCD-4A03-BFFF-7467BD182007}.Ad-Hoc|x64.Build.0 = Release|Any CPU
		{0443FED3-1BCD-4A03-BFFF-7467BD182007}.Ad-Hoc|x64.Deploy.0 = Release|Any CPU
		{0443FED3-1BCD-4A03-BFFF-7467BD182007}.Ad-Hoc|x86.ActiveCfg = Release|Any CPU
		{0443FED3-1BCD-4A03-BFFF-7467BD182007}.Ad-Hoc|x86.Build.0 = Release|Any CPU
		{0443FED3-1BCD-4A03-BFFF-7467BD182007}.Ad-Hoc|x86.Deploy.0 = Release|Any CPU
		{0443FED3-1BCD-4A03-BFFF-7467BD182007}.AppStore|Any CPU.ActiveCfg = Release|Any CPU
		{0443FED3-1BCD-4A03-BFFF-7467BD182007}.AppStore|Any CPU.Build.0 = Release|Any CPU
		{0443FED3-1BCD-4A03-BFFF-7467BD182007}.AppStore|Any CPU.Deploy.0 = Release|Any CPU
		{0443FED3-1BCD-4A03-BFFF-7467BD182007}.AppStore|ARM.ActiveCfg = Release|Any CPU
		{0443FED3-1BCD-4A03-BFFF-7467BD182007}.AppStore|ARM.Build.0 = Release|Any CPU
		{0443FED3-1BCD-4A03-BFFF-7467BD182007}.AppStore|ARM.Deploy.0 = Release|Any CPU
		{0443FED3-1BCD-4A03-BFFF-7467BD182007}.AppStore|iPhone.ActiveCfg = Release|Any CPU
		{0443FED3-1BCD-4A03-BFFF-7467BD182007}.AppStore|iPhone.Build.0 = Release|Any CPU
		{0443FED3-1BCD-4A03-BFFF-7467BD182007}.AppStore|iPhone.Deploy.0 = Release|Any CPU
		{0443FED3-1BCD-4A03-BFFF-7467BD182007}.AppStore|iPhoneSimulator.ActiveCfg = Release|Any CPU
		{0443FED3-1BCD-4A03-BFFF-7467BD182007}.AppStore|iPhoneSimulator.Build.0 = Release|Any CPU
		{0443FED3-1BCD-4A03-BFFF-7467BD182007}.AppStore|iPhoneSimulator.Deploy.0 = Release|Any CPU
		{0443FED3-1BCD-4A03-BFFF-7467BD182007}.AppStore|x64.ActiveCfg = Release|Any CPU
		{0443FED3-1BCD-4A03-BFFF-7467BD182007}.AppStore|x64.Build.0 = Release|Any CPU
		{0443FED3-1BCD-4A03-BFFF-7467BD182007}.AppStore|x64.Deploy.0 = Release|Any CPU
		{0443FED3-1BCD-4A03-BFFF-7467BD182007}.AppStore|x86.ActiveCfg = Release|Any CPU
		{0443FED3-1BCD-4A03-BFFF-7467BD182007}.AppStore|x86.Build.0 = Release|Any CPU
		{0443FED3-1BCD-4A03-BFFF-7467BD182007}.AppStore|x86.Deploy.0 = Release|Any CPU
		{0443FED3-1BCD-4A03-BFFF-7467BD182007}.Debug|Any CPU.ActiveCfg = Debug|Any CPU
		{0443FED3-1BCD-4A03-BFFF-7467BD182007}.Debug|Any CPU.Build.0 = Debug|Any CPU
		{0443FED3-1BCD-4A03-BFFF-7467BD182007}.Debug|Any CPU.Deploy.0 = Debug|Any CPU
		{0443FED3-1BCD-4A03-BFFF-7467BD182007}.Debug|ARM.ActiveCfg = Debug|Any CPU
		{0443FED3-1BCD-4A03-BFFF-7467BD182007}.Debug|ARM.Build.0 = Debug|Any CPU
		{0443FED3-1BCD-4A03-BFFF-7467BD182007}.Debug|ARM.Deploy.0 = Debug|Any CPU
		{0443FED3-1BCD-4A03-BFFF-7467BD182007}.Debug|iPhone.ActiveCfg = Debug|Any CPU
		{0443FED3-1BCD-4A03-BFFF-7467BD182007}.Debug|iPhone.Build.0 = Debug|Any CPU
		{0443FED3-1BCD-4A03-BFFF-7467BD182007}.Debug|iPhone.Deploy.0 = Debug|Any CPU
		{0443FED3-1BCD-4A03-BFFF-7467BD182007}.Debug|iPhoneSimulator.ActiveCfg = Debug|Any CPU
		{0443FED3-1BCD-4A03-BFFF-7467BD182007}.Debug|iPhoneSimulator.Build.0 = Debug|Any CPU
		{0443FED3-1BCD-4A03-BFFF-7467BD182007}.Debug|iPhoneSimulator.Deploy.0 = Debug|Any CPU
		{0443FED3-1BCD-4A03-BFFF-7467BD182007}.Debug|x64.ActiveCfg = Debug|Any CPU
		{0443FED3-1BCD-4A03-BFFF-7467BD182007}.Debug|x64.Build.0 = Debug|Any CPU
		{0443FED3-1BCD-4A03-BFFF-7467BD182007}.Debug|x64.Deploy.0 = Debug|Any CPU
		{0443FED3-1BCD-4A03-BFFF-7467BD182007}.Debug|x86.ActiveCfg = Debug|Any CPU
		{0443FED3-1BCD-4A03-BFFF-7467BD182007}.Debug|x86.Build.0 = Debug|Any CPU
		{0443FED3-1BCD-4A03-BFFF-7467BD182007}.Debug|x86.Deploy.0 = Debug|Any CPU
		{0443FED3-1BCD-4A03-BFFF-7467BD182007}.Release|Any CPU.ActiveCfg = Release|Any CPU
		{0443FED3-1BCD-4A03-BFFF-7467BD182007}.Release|Any CPU.Build.0 = Release|Any CPU
		{0443FED3-1BCD-4A03-BFFF-7467BD182007}.Release|Any CPU.Deploy.0 = Release|Any CPU
		{0443FED3-1BCD-4A03-BFFF-7467BD182007}.Release|ARM.ActiveCfg = Release|Any CPU
		{0443FED3-1BCD-4A03-BFFF-7467BD182007}.Release|ARM.Build.0 = Release|Any CPU
		{0443FED3-1BCD-4A03-BFFF-7467BD182007}.Release|ARM.Deploy.0 = Release|Any CPU
		{0443FED3-1BCD-4A03-BFFF-7467BD182007}.Release|iPhone.ActiveCfg = Release|Any CPU
		{0443FED3-1BCD-4A03-BFFF-7467BD182007}.Release|iPhone.Build.0 = Release|Any CPU
		{0443FED3-1BCD-4A03-BFFF-7467BD182007}.Release|iPhone.Deploy.0 = Release|Any CPU
		{0443FED3-1BCD-4A03-BFFF-7467BD182007}.Release|iPhoneSimulator.ActiveCfg = Release|Any CPU
		{0443FED3-1BCD-4A03-BFFF-7467BD182007}.Release|iPhoneSimulator.Build.0 = Release|Any CPU
		{0443FED3-1BCD-4A03-BFFF-7467BD182007}.Release|iPhoneSimulator.Deploy.0 = Release|Any CPU
		{0443FED3-1BCD-4A03-BFFF-7467BD182007}.Release|x64.ActiveCfg = Release|Any CPU
		{0443FED3-1BCD-4A03-BFFF-7467BD182007}.Release|x64.Build.0 = Release|Any CPU
		{0443FED3-1BCD-4A03-BFFF-7467BD182007}.Release|x64.Deploy.0 = Release|Any CPU
		{0443FED3-1BCD-4A03-BFFF-7467BD182007}.Release|x86.ActiveCfg = Release|Any CPU
		{0443FED3-1BCD-4A03-BFFF-7467BD182007}.Release|x86.Build.0 = Release|Any CPU
		{0443FED3-1BCD-4A03-BFFF-7467BD182007}.Release|x86.Deploy.0 = Release|Any CPU
		{1CF1944C-7908-4FF2-AD1A-FA34D688C76B}.Ad-Hoc|Any CPU.ActiveCfg = Ad-Hoc|iPhone
		{1CF1944C-7908-4FF2-AD1A-FA34D688C76B}.Ad-Hoc|ARM.ActiveCfg = Ad-Hoc|iPhone
		{1CF1944C-7908-4FF2-AD1A-FA34D688C76B}.Ad-Hoc|iPhone.ActiveCfg = Ad-Hoc|iPhone
		{1CF1944C-7908-4FF2-AD1A-FA34D688C76B}.Ad-Hoc|iPhone.Build.0 = Ad-Hoc|iPhone
		{1CF1944C-7908-4FF2-AD1A-FA34D688C76B}.Ad-Hoc|iPhoneSimulator.ActiveCfg = Ad-Hoc|iPhoneSimulator
		{1CF1944C-7908-4FF2-AD1A-FA34D688C76B}.Ad-Hoc|iPhoneSimulator.Build.0 = Ad-Hoc|iPhoneSimulator
		{1CF1944C-7908-4FF2-AD1A-FA34D688C76B}.Ad-Hoc|x64.ActiveCfg = Ad-Hoc|iPhone
		{1CF1944C-7908-4FF2-AD1A-FA34D688C76B}.Ad-Hoc|x86.ActiveCfg = Ad-Hoc|iPhone
		{1CF1944C-7908-4FF2-AD1A-FA34D688C76B}.AppStore|Any CPU.ActiveCfg = AppStore|iPhone
		{1CF1944C-7908-4FF2-AD1A-FA34D688C76B}.AppStore|ARM.ActiveCfg = AppStore|iPhone
		{1CF1944C-7908-4FF2-AD1A-FA34D688C76B}.AppStore|iPhone.ActiveCfg = AppStore|iPhone
		{1CF1944C-7908-4FF2-AD1A-FA34D688C76B}.AppStore|iPhone.Build.0 = AppStore|iPhone
		{1CF1944C-7908-4FF2-AD1A-FA34D688C76B}.AppStore|iPhoneSimulator.ActiveCfg = AppStore|iPhoneSimulator
		{1CF1944C-7908-4FF2-AD1A-FA34D688C76B}.AppStore|iPhoneSimulator.Build.0 = AppStore|iPhoneSimulator
		{1CF1944C-7908-4FF2-AD1A-FA34D688C76B}.AppStore|x64.ActiveCfg = AppStore|iPhone
		{1CF1944C-7908-4FF2-AD1A-FA34D688C76B}.AppStore|x86.ActiveCfg = AppStore|iPhone
		{1CF1944C-7908-4FF2-AD1A-FA34D688C76B}.Debug|Any CPU.ActiveCfg = Debug|iPhone
		{1CF1944C-7908-4FF2-AD1A-FA34D688C76B}.Debug|ARM.ActiveCfg = Debug|iPhone
		{1CF1944C-7908-4FF2-AD1A-FA34D688C76B}.Debug|iPhone.ActiveCfg = Debug|iPhone
		{1CF1944C-7908-4FF2-AD1A-FA34D688C76B}.Debug|iPhone.Build.0 = Debug|iPhone
		{1CF1944C-7908-4FF2-AD1A-FA34D688C76B}.Debug|iPhoneSimulator.ActiveCfg = Debug|iPhoneSimulator
		{1CF1944C-7908-4FF2-AD1A-FA34D688C76B}.Debug|iPhoneSimulator.Build.0 = Debug|iPhoneSimulator
		{1CF1944C-7908-4FF2-AD1A-FA34D688C76B}.Debug|x64.ActiveCfg = Debug|iPhone
		{1CF1944C-7908-4FF2-AD1A-FA34D688C76B}.Debug|x86.ActiveCfg = Debug|iPhone
		{1CF1944C-7908-4FF2-AD1A-FA34D688C76B}.Release|Any CPU.ActiveCfg = Release|iPhone
		{1CF1944C-7908-4FF2-AD1A-FA34D688C76B}.Release|ARM.ActiveCfg = Release|iPhone
		{1CF1944C-7908-4FF2-AD1A-FA34D688C76B}.Release|iPhone.ActiveCfg = Release|iPhone
		{1CF1944C-7908-4FF2-AD1A-FA34D688C76B}.Release|iPhone.Build.0 = Release|iPhone
		{1CF1944C-7908-4FF2-AD1A-FA34D688C76B}.Release|iPhoneSimulator.ActiveCfg = Release|iPhoneSimulator
		{1CF1944C-7908-4FF2-AD1A-FA34D688C76B}.Release|iPhoneSimulator.Build.0 = Release|iPhoneSimulator
		{1CF1944C-7908-4FF2-AD1A-FA34D688C76B}.Release|x64.ActiveCfg = Release|iPhone
		{1CF1944C-7908-4FF2-AD1A-FA34D688C76B}.Release|x86.ActiveCfg = Release|iPhone
		{B719573E-8FC9-4078-9793-4A3DC8AA7AFD}.Ad-Hoc|Any CPU.ActiveCfg = Release|Any CPU
		{B719573E-8FC9-4078-9793-4A3DC8AA7AFD}.Ad-Hoc|Any CPU.Build.0 = Release|Any CPU
		{B719573E-8FC9-4078-9793-4A3DC8AA7AFD}.Ad-Hoc|Any CPU.Deploy.0 = Release|Any CPU
		{B719573E-8FC9-4078-9793-4A3DC8AA7AFD}.Ad-Hoc|ARM.ActiveCfg = Release|ARM
		{B719573E-8FC9-4078-9793-4A3DC8AA7AFD}.Ad-Hoc|ARM.Build.0 = Release|ARM
		{B719573E-8FC9-4078-9793-4A3DC8AA7AFD}.Ad-Hoc|ARM.Deploy.0 = Release|ARM
		{B719573E-8FC9-4078-9793-4A3DC8AA7AFD}.Ad-Hoc|iPhone.ActiveCfg = Release|Any CPU
		{B719573E-8FC9-4078-9793-4A3DC8AA7AFD}.Ad-Hoc|iPhone.Build.0 = Release|Any CPU
		{B719573E-8FC9-4078-9793-4A3DC8AA7AFD}.Ad-Hoc|iPhone.Deploy.0 = Release|Any CPU
		{B719573E-8FC9-4078-9793-4A3DC8AA7AFD}.Ad-Hoc|iPhoneSimulator.ActiveCfg = Release|Any CPU
		{B719573E-8FC9-4078-9793-4A3DC8AA7AFD}.Ad-Hoc|iPhoneSimulator.Build.0 = Release|Any CPU
		{B719573E-8FC9-4078-9793-4A3DC8AA7AFD}.Ad-Hoc|iPhoneSimulator.Deploy.0 = Release|Any CPU
		{B719573E-8FC9-4078-9793-4A3DC8AA7AFD}.Ad-Hoc|x64.ActiveCfg = Release|Any CPU
		{B719573E-8FC9-4078-9793-4A3DC8AA7AFD}.Ad-Hoc|x64.Build.0 = Release|Any CPU
		{B719573E-8FC9-4078-9793-4A3DC8AA7AFD}.Ad-Hoc|x64.Deploy.0 = Release|Any CPU
		{B719573E-8FC9-4078-9793-4A3DC8AA7AFD}.Ad-Hoc|x86.ActiveCfg = Release|x86
		{B719573E-8FC9-4078-9793-4A3DC8AA7AFD}.Ad-Hoc|x86.Build.0 = Release|x86
		{B719573E-8FC9-4078-9793-4A3DC8AA7AFD}.Ad-Hoc|x86.Deploy.0 = Release|x86
		{B719573E-8FC9-4078-9793-4A3DC8AA7AFD}.AppStore|Any CPU.ActiveCfg = Release|Any CPU
		{B719573E-8FC9-4078-9793-4A3DC8AA7AFD}.AppStore|Any CPU.Build.0 = Release|Any CPU
		{B719573E-8FC9-4078-9793-4A3DC8AA7AFD}.AppStore|Any CPU.Deploy.0 = Release|Any CPU
		{B719573E-8FC9-4078-9793-4A3DC8AA7AFD}.AppStore|ARM.ActiveCfg = Release|ARM
		{B719573E-8FC9-4078-9793-4A3DC8AA7AFD}.AppStore|ARM.Build.0 = Release|ARM
		{B719573E-8FC9-4078-9793-4A3DC8AA7AFD}.AppStore|ARM.Deploy.0 = Release|ARM
		{B719573E-8FC9-4078-9793-4A3DC8AA7AFD}.AppStore|iPhone.ActiveCfg = Release|Any CPU
		{B719573E-8FC9-4078-9793-4A3DC8AA7AFD}.AppStore|iPhone.Build.0 = Release|Any CPU
		{B719573E-8FC9-4078-9793-4A3DC8AA7AFD}.AppStore|iPhone.Deploy.0 = Release|Any CPU
		{B719573E-8FC9-4078-9793-4A3DC8AA7AFD}.AppStore|iPhoneSimulator.ActiveCfg = Release|Any CPU
		{B719573E-8FC9-4078-9793-4A3DC8AA7AFD}.AppStore|iPhoneSimulator.Build.0 = Release|Any CPU
		{B719573E-8FC9-4078-9793-4A3DC8AA7AFD}.AppStore|iPhoneSimulator.Deploy.0 = Release|Any CPU
		{B719573E-8FC9-4078-9793-4A3DC8AA7AFD}.AppStore|x64.ActiveCfg = Release|Any CPU
		{B719573E-8FC9-4078-9793-4A3DC8AA7AFD}.AppStore|x64.Build.0 = Release|Any CPU
		{B719573E-8FC9-4078-9793-4A3DC8AA7AFD}.AppStore|x64.Deploy.0 = Release|Any CPU
		{B719573E-8FC9-4078-9793-4A3DC8AA7AFD}.AppStore|x86.ActiveCfg = Release|x86
		{B719573E-8FC9-4078-9793-4A3DC8AA7AFD}.AppStore|x86.Build.0 = Release|x86
		{B719573E-8FC9-4078-9793-4A3DC8AA7AFD}.AppStore|x86.Deploy.0 = Release|x86
		{B719573E-8FC9-4078-9793-4A3DC8AA7AFD}.Debug|Any CPU.ActiveCfg = Debug|Any CPU
		{B719573E-8FC9-4078-9793-4A3DC8AA7AFD}.Debug|Any CPU.Build.0 = Debug|Any CPU
		{B719573E-8FC9-4078-9793-4A3DC8AA7AFD}.Debug|Any CPU.Deploy.0 = Debug|Any CPU
		{B719573E-8FC9-4078-9793-4A3DC8AA7AFD}.Debug|ARM.ActiveCfg = Debug|ARM
		{B719573E-8FC9-4078-9793-4A3DC8AA7AFD}.Debug|ARM.Build.0 = Debug|ARM
		{B719573E-8FC9-4078-9793-4A3DC8AA7AFD}.Debug|ARM.Deploy.0 = Debug|ARM
		{B719573E-8FC9-4078-9793-4A3DC8AA7AFD}.Debug|iPhone.ActiveCfg = Debug|Any CPU
		{B719573E-8FC9-4078-9793-4A3DC8AA7AFD}.Debug|iPhone.Build.0 = Debug|Any CPU
		{B719573E-8FC9-4078-9793-4A3DC8AA7AFD}.Debug|iPhone.Deploy.0 = Debug|Any CPU
		{B719573E-8FC9-4078-9793-4A3DC8AA7AFD}.Debug|iPhoneSimulator.ActiveCfg = Debug|Any CPU
		{B719573E-8FC9-4078-9793-4A3DC8AA7AFD}.Debug|iPhoneSimulator.Build.0 = Debug|Any CPU
		{B719573E-8FC9-4078-9793-4A3DC8AA7AFD}.Debug|iPhoneSimulator.Deploy.0 = Debug|Any CPU
		{B719573E-8FC9-4078-9793-4A3DC8AA7AFD}.Debug|x64.ActiveCfg = Debug|Any CPU
		{B719573E-8FC9-4078-9793-4A3DC8AA7AFD}.Debug|x64.Build.0 = Debug|Any CPU
		{B719573E-8FC9-4078-9793-4A3DC8AA7AFD}.Debug|x64.Deploy.0 = Debug|Any CPU
		{B719573E-8FC9-4078-9793-4A3DC8AA7AFD}.Debug|x86.ActiveCfg = Debug|x86
		{B719573E-8FC9-4078-9793-4A3DC8AA7AFD}.Debug|x86.Build.0 = Debug|x86
		{B719573E-8FC9-4078-9793-4A3DC8AA7AFD}.Debug|x86.Deploy.0 = Debug|x86
		{B719573E-8FC9-4078-9793-4A3DC8AA7AFD}.Release|Any CPU.ActiveCfg = Release|Any CPU
		{B719573E-8FC9-4078-9793-4A3DC8AA7AFD}.Release|Any CPU.Build.0 = Release|Any CPU
		{B719573E-8FC9-4078-9793-4A3DC8AA7AFD}.Release|Any CPU.Deploy.0 = Release|Any CPU
		{B719573E-8FC9-4078-9793-4A3DC8AA7AFD}.Release|ARM.ActiveCfg = Release|ARM
		{B719573E-8FC9-4078-9793-4A3DC8AA7AFD}.Release|ARM.Build.0 = Release|ARM
		{B719573E-8FC9-4078-9793-4A3DC8AA7AFD}.Release|ARM.Deploy.0 = Release|ARM
		{B719573E-8FC9-4078-9793-4A3DC8AA7AFD}.Release|iPhone.ActiveCfg = Release|Any CPU
		{B719573E-8FC9-4078-9793-4A3DC8AA7AFD}.Release|iPhone.Build.0 = Release|Any CPU
		{B719573E-8FC9-4078-9793-4A3DC8AA7AFD}.Release|iPhone.Deploy.0 = Release|Any CPU
		{B719573E-8FC9-4078-9793-4A3DC8AA7AFD}.Release|iPhoneSimulator.ActiveCfg = Release|Any CPU
		{B719573E-8FC9-4078-9793-4A3DC8AA7AFD}.Release|iPhoneSimulator.Build.0 = Release|Any CPU
		{B719573E-8FC9-4078-9793-4A3DC8AA7AFD}.Release|iPhoneSimulator.Deploy.0 = Release|Any CPU
		{B719573E-8FC9-4078-9793-4A3DC8AA7AFD}.Release|x64.ActiveCfg = Release|Any CPU
		{B719573E-8FC9-4078-9793-4A3DC8AA7AFD}.Release|x64.Build.0 = Release|Any CPU
		{B719573E-8FC9-4078-9793-4A3DC8AA7AFD}.Release|x64.Deploy.0 = Release|Any CPU
		{B719573E-8FC9-4078-9793-4A3DC8AA7AFD}.Release|x86.ActiveCfg = Release|x86
		{B719573E-8FC9-4078-9793-4A3DC8AA7AFD}.Release|x86.Build.0 = Release|x86
		{B719573E-8FC9-4078-9793-4A3DC8AA7AFD}.Release|x86.Deploy.0 = Release|x86
		{38273923-055F-47B8-8067-710E734A0BBA}.Ad-Hoc|Any CPU.ActiveCfg = Release|x86
		{38273923-055F-47B8-8067-710E734A0BBA}.Ad-Hoc|Any CPU.Build.0 = Release|x86
		{38273923-055F-47B8-8067-710E734A0BBA}.Ad-Hoc|Any CPU.Deploy.0 = Release|x86
		{38273923-055F-47B8-8067-710E734A0BBA}.Ad-Hoc|ARM.ActiveCfg = Release|ARM
		{38273923-055F-47B8-8067-710E734A0BBA}.Ad-Hoc|ARM.Build.0 = Release|ARM
		{38273923-055F-47B8-8067-710E734A0BBA}.Ad-Hoc|ARM.Deploy.0 = Release|ARM
		{38273923-055F-47B8-8067-710E734A0BBA}.Ad-Hoc|iPhone.ActiveCfg = Release|x86
		{38273923-055F-47B8-8067-710E734A0BBA}.Ad-Hoc|iPhone.Build.0 = Release|x86
		{38273923-055F-47B8-8067-710E734A0BBA}.Ad-Hoc|iPhone.Deploy.0 = Release|x86
		{38273923-055F-47B8-8067-710E734A0BBA}.Ad-Hoc|iPhoneSimulator.ActiveCfg = Release|x86
		{38273923-055F-47B8-8067-710E734A0BBA}.Ad-Hoc|iPhoneSimulator.Build.0 = Release|x86
		{38273923-055F-47B8-8067-710E734A0BBA}.Ad-Hoc|iPhoneSimulator.Deploy.0 = Release|x86
		{38273923-055F-47B8-8067-710E734A0BBA}.Ad-Hoc|x64.ActiveCfg = Release|x64
		{38273923-055F-47B8-8067-710E734A0BBA}.Ad-Hoc|x64.Build.0 = Release|x64
		{38273923-055F-47B8-8067-710E734A0BBA}.Ad-Hoc|x64.Deploy.0 = Release|x64
		{38273923-055F-47B8-8067-710E734A0BBA}.Ad-Hoc|x86.ActiveCfg = Release|x86
		{38273923-055F-47B8-8067-710E734A0BBA}.Ad-Hoc|x86.Build.0 = Release|x86
		{38273923-055F-47B8-8067-710E734A0BBA}.Ad-Hoc|x86.Deploy.0 = Release|x86
		{38273923-055F-47B8-8067-710E734A0BBA}.AppStore|Any CPU.ActiveCfg = Release|x86
		{38273923-055F-47B8-8067-710E734A0BBA}.AppStore|Any CPU.Build.0 = Release|x86
		{38273923-055F-47B8-8067-710E734A0BBA}.AppStore|Any CPU.Deploy.0 = Release|x86
		{38273923-055F-47B8-8067-710E734A0BBA}.AppStore|ARM.ActiveCfg = Release|ARM
		{38273923-055F-47B8-8067-710E734A0BBA}.AppStore|ARM.Build.0 = Release|ARM
		{38273923-055F-47B8-8067-710E734A0BBA}.AppStore|ARM.Deploy.0 = Release|ARM
		{38273923-055F-47B8-8067-710E734A0BBA}.AppStore|iPhone.ActiveCfg = Release|x86
		{38273923-055F-47B8-8067-710E734A0BBA}.AppStore|iPhone.Build.0 = Release|x86
		{38273923-055F-47B8-8067-710E734A0BBA}.AppStore|iPhone.Deploy.0 = Release|x86
		{38273923-055F-47B8-8067-710E734A0BBA}.AppStore|iPhoneSimulator.ActiveCfg = Release|x86
		{38273923-055F-47B8-8067-710E734A0BBA}.AppStore|iPhoneSimulator.Build.0 = Release|x86
		{38273923-055F-47B8-8067-710E734A0BBA}.AppStore|iPhoneSimulator.Deploy.0 = Release|x86
		{38273923-055F-47B8-8067-710E734A0BBA}.AppStore|x64.ActiveCfg = Release|x64
		{38273923-055F-47B8-8067-710E734A0BBA}.AppStore|x64.Build.0 = Release|x64
		{38273923-055F-47B8-8067-710E734A0BBA}.AppStore|x64.Deploy.0 = Release|x64
		{38273923-055F-47B8-8067-710E734A0BBA}.AppStore|x86.ActiveCfg = Release|x86
		{38273923-055F-47B8-8067-710E734A0BBA}.AppStore|x86.Build.0 = Release|x86
		{38273923-055F-47B8-8067-710E734A0BBA}.AppStore|x86.Deploy.0 = Release|x86
		{38273923-055F-47B8-8067-710E734A0BBA}.Debug|Any CPU.ActiveCfg = Debug|x86
		{38273923-055F-47B8-8067-710E734A0BBA}.Debug|ARM.ActiveCfg = Debug|ARM
		{38273923-055F-47B8-8067-710E734A0BBA}.Debug|ARM.Build.0 = Debug|ARM
		{38273923-055F-47B8-8067-710E734A0BBA}.Debug|ARM.Deploy.0 = Debug|ARM
		{38273923-055F-47B8-8067-710E734A0BBA}.Debug|iPhone.ActiveCfg = Debug|x86
		{38273923-055F-47B8-8067-710E734A0BBA}.Debug|iPhoneSimulator.ActiveCfg = Debug|x86
		{38273923-055F-47B8-8067-710E734A0BBA}.Debug|x64.ActiveCfg = Debug|x64
		{38273923-055F-47B8-8067-710E734A0BBA}.Debug|x64.Build.0 = Debug|x64
		{38273923-055F-47B8-8067-710E734A0BBA}.Debug|x64.Deploy.0 = Debug|x64
		{38273923-055F-47B8-8067-710E734A0BBA}.Debug|x86.ActiveCfg = Debug|x86
		{38273923-055F-47B8-8067-710E734A0BBA}.Debug|x86.Build.0 = Debug|x86
		{38273923-055F-47B8-8067-710E734A0BBA}.Debug|x86.Deploy.0 = Debug|x86
		{38273923-055F-47B8-8067-710E734A0BBA}.Release|Any CPU.ActiveCfg = Release|x86
		{38273923-055F-47B8-8067-710E734A0BBA}.Release|ARM.ActiveCfg = Release|ARM
		{38273923-055F-47B8-8067-710E734A0BBA}.Release|ARM.Build.0 = Release|ARM
		{38273923-055F-47B8-8067-710E734A0BBA}.Release|ARM.Deploy.0 = Release|ARM
		{38273923-055F-47B8-8067-710E734A0BBA}.Release|iPhone.ActiveCfg = Release|x86
		{38273923-055F-47B8-8067-710E734A0BBA}.Release|iPhoneSimulator.ActiveCfg = Release|x86
		{38273923-055F-47B8-8067-710E734A0BBA}.Release|x64.ActiveCfg = Release|x64
		{38273923-055F-47B8-8067-710E734A0BBA}.Release|x64.Build.0 = Release|x64
		{38273923-055F-47B8-8067-710E734A0BBA}.Release|x64.Deploy.0 = Release|x64
		{38273923-055F-47B8-8067-710E734A0BBA}.Release|x86.ActiveCfg = Release|x86
		{38273923-055F-47B8-8067-710E734A0BBA}.Release|x86.Build.0 = Release|x86
		{38273923-055F-47B8-8067-710E734A0BBA}.Release|x86.Deploy.0 = Release|x86
		{782241E2-17AB-47AF-9908-3472EB8064C2}.Ad-Hoc|Any CPU.ActiveCfg = Release|Any CPU
		{782241E2-17AB-47AF-9908-3472EB8064C2}.Ad-Hoc|Any CPU.Build.0 = Release|Any CPU
		{782241E2-17AB-47AF-9908-3472EB8064C2}.Ad-Hoc|Any CPU.Deploy.0 = Release|Any CPU
		{782241E2-17AB-47AF-9908-3472EB8064C2}.Ad-Hoc|ARM.ActiveCfg = Release|ARM
		{782241E2-17AB-47AF-9908-3472EB8064C2}.Ad-Hoc|ARM.Build.0 = Release|ARM
		{782241E2-17AB-47AF-9908-3472EB8064C2}.Ad-Hoc|ARM.Deploy.0 = Release|ARM
		{782241E2-17AB-47AF-9908-3472EB8064C2}.Ad-Hoc|iPhone.ActiveCfg = Release|Any CPU
		{782241E2-17AB-47AF-9908-3472EB8064C2}.Ad-Hoc|iPhone.Build.0 = Release|Any CPU
		{782241E2-17AB-47AF-9908-3472EB8064C2}.Ad-Hoc|iPhone.Deploy.0 = Release|Any CPU
		{782241E2-17AB-47AF-9908-3472EB8064C2}.Ad-Hoc|iPhoneSimulator.ActiveCfg = Release|Any CPU
		{782241E2-17AB-47AF-9908-3472EB8064C2}.Ad-Hoc|iPhoneSimulator.Build.0 = Release|Any CPU
		{782241E2-17AB-47AF-9908-3472EB8064C2}.Ad-Hoc|iPhoneSimulator.Deploy.0 = Release|Any CPU
		{782241E2-17AB-47AF-9908-3472EB8064C2}.Ad-Hoc|x64.ActiveCfg = Release|x64
		{782241E2-17AB-47AF-9908-3472EB8064C2}.Ad-Hoc|x64.Build.0 = Release|x64
		{782241E2-17AB-47AF-9908-3472EB8064C2}.Ad-Hoc|x64.Deploy.0 = Release|x64
		{782241E2-17AB-47AF-9908-3472EB8064C2}.Ad-Hoc|x86.ActiveCfg = Release|x86
		{782241E2-17AB-47AF-9908-3472EB8064C2}.Ad-Hoc|x86.Build.0 = Release|x86
		{782241E2-17AB-47AF-9908-3472EB8064C2}.Ad-Hoc|x86.Deploy.0 = Release|x86
		{782241E2-17AB-47AF-9908-3472EB8064C2}.AppStore|Any CPU.ActiveCfg = Release|Any CPU
		{782241E2-17AB-47AF-9908-3472EB8064C2}.AppStore|Any CPU.Build.0 = Release|Any CPU
		{782241E2-17AB-47AF-9908-3472EB8064C2}.AppStore|Any CPU.Deploy.0 = Release|Any CPU
		{782241E2-17AB-47AF-9908-3472EB8064C2}.AppStore|ARM.ActiveCfg = Release|ARM
		{782241E2-17AB-47AF-9908-3472EB8064C2}.AppStore|ARM.Build.0 = Release|ARM
		{782241E2-17AB-47AF-9908-3472EB8064C2}.AppStore|ARM.Deploy.0 = Release|ARM
		{782241E2-17AB-47AF-9908-3472EB8064C2}.AppStore|iPhone.ActiveCfg = Release|Any CPU
		{782241E2-17AB-47AF-9908-3472EB8064C2}.AppStore|iPhone.Build.0 = Release|Any CPU
		{782241E2-17AB-47AF-9908-3472EB8064C2}.AppStore|iPhone.Deploy.0 = Release|Any CPU
		{782241E2-17AB-47AF-9908-3472EB8064C2}.AppStore|iPhoneSimulator.ActiveCfg = Release|Any CPU
		{782241E2-17AB-47AF-9908-3472EB8064C2}.AppStore|iPhoneSimulator.Build.0 = Release|Any CPU
		{782241E2-17AB-47AF-9908-3472EB8064C2}.AppStore|iPhoneSimulator.Deploy.0 = Release|Any CPU
		{782241E2-17AB-47AF-9908-3472EB8064C2}.AppStore|x64.ActiveCfg = Release|x64
		{782241E2-17AB-47AF-9908-3472EB8064C2}.AppStore|x64.Build.0 = Release|x64
		{782241E2-17AB-47AF-9908-3472EB8064C2}.AppStore|x64.Deploy.0 = Release|x64
		{782241E2-17AB-47AF-9908-3472EB8064C2}.AppStore|x86.ActiveCfg = Release|x86
		{782241E2-17AB-47AF-9908-3472EB8064C2}.AppStore|x86.Build.0 = Release|x86
		{782241E2-17AB-47AF-9908-3472EB8064C2}.AppStore|x86.Deploy.0 = Release|x86
		{782241E2-17AB-47AF-9908-3472EB8064C2}.Debug|Any CPU.ActiveCfg = Debug|Any CPU
		{782241E2-17AB-47AF-9908-3472EB8064C2}.Debug|Any CPU.Build.0 = Debug|Any CPU
		{782241E2-17AB-47AF-9908-3472EB8064C2}.Debug|Any CPU.Deploy.0 = Debug|Any CPU
		{782241E2-17AB-47AF-9908-3472EB8064C2}.Debug|ARM.ActiveCfg = Debug|ARM
		{782241E2-17AB-47AF-9908-3472EB8064C2}.Debug|ARM.Build.0 = Debug|ARM
		{782241E2-17AB-47AF-9908-3472EB8064C2}.Debug|ARM.Deploy.0 = Debug|ARM
		{782241E2-17AB-47AF-9908-3472EB8064C2}.Debug|iPhone.ActiveCfg = Debug|Any CPU
		{782241E2-17AB-47AF-9908-3472EB8064C2}.Debug|iPhone.Build.0 = Debug|Any CPU
		{782241E2-17AB-47AF-9908-3472EB8064C2}.Debug|iPhone.Deploy.0 = Debug|Any CPU
		{782241E2-17AB-47AF-9908-3472EB8064C2}.Debug|iPhoneSimulator.ActiveCfg = Debug|Any CPU
		{782241E2-17AB-47AF-9908-3472EB8064C2}.Debug|iPhoneSimulator.Build.0 = Debug|Any CPU
		{782241E2-17AB-47AF-9908-3472EB8064C2}.Debug|iPhoneSimulator.Deploy.0 = Debug|Any CPU
		{782241E2-17AB-47AF-9908-3472EB8064C2}.Debug|x64.ActiveCfg = Debug|x64
		{782241E2-17AB-47AF-9908-3472EB8064C2}.Debug|x64.Build.0 = Debug|x64
		{782241E2-17AB-47AF-9908-3472EB8064C2}.Debug|x64.Deploy.0 = Debug|x64
		{782241E2-17AB-47AF-9908-3472EB8064C2}.Debug|x86.ActiveCfg = Debug|x86
		{782241E2-17AB-47AF-9908-3472EB8064C2}.Debug|x86.Build.0 = Debug|x86
		{782241E2-17AB-47AF-9908-3472EB8064C2}.Debug|x86.Deploy.0 = Debug|x86
		{782241E2-17AB-47AF-9908-3472EB8064C2}.Release|Any CPU.ActiveCfg = Release|Any CPU
		{782241E2-17AB-47AF-9908-3472EB8064C2}.Release|Any CPU.Build.0 = Release|Any CPU
		{782241E2-17AB-47AF-9908-3472EB8064C2}.Release|Any CPU.Deploy.0 = Release|Any CPU
		{782241E2-17AB-47AF-9908-3472EB8064C2}.Release|ARM.ActiveCfg = Release|ARM
		{782241E2-17AB-47AF-9908-3472EB8064C2}.Release|ARM.Build.0 = Release|ARM
		{782241E2-17AB-47AF-9908-3472EB8064C2}.Release|ARM.Deploy.0 = Release|ARM
		{782241E2-17AB-47AF-9908-3472EB8064C2}.Release|iPhone.ActiveCfg = Release|Any CPU
		{782241E2-17AB-47AF-9908-3472EB8064C2}.Release|iPhone.Build.0 = Release|Any CPU
		{782241E2-17AB-47AF-9908-3472EB8064C2}.Release|iPhone.Deploy.0 = Release|Any CPU
		{782241E2-17AB-47AF-9908-3472EB8064C2}.Release|iPhoneSimulator.ActiveCfg = Release|Any CPU
		{782241E2-17AB-47AF-9908-3472EB8064C2}.Release|iPhoneSimulator.Build.0 = Release|Any CPU
		{782241E2-17AB-47AF-9908-3472EB8064C2}.Release|iPhoneSimulator.Deploy.0 = Release|Any CPU
		{782241E2-17AB-47AF-9908-3472EB8064C2}.Release|x64.ActiveCfg = Release|x64
		{782241E2-17AB-47AF-9908-3472EB8064C2}.Release|x64.Build.0 = Release|x64
		{782241E2-17AB-47AF-9908-3472EB8064C2}.Release|x64.Deploy.0 = Release|x64
		{782241E2-17AB-47AF-9908-3472EB8064C2}.Release|x86.ActiveCfg = Release|x86
		{782241E2-17AB-47AF-9908-3472EB8064C2}.Release|x86.Build.0 = Release|x86
		{782241E2-17AB-47AF-9908-3472EB8064C2}.Release|x86.Deploy.0 = Release|x86
	EndGlobalSection
	GlobalSection(SolutionProperties) = preSolution
		HideSolutionNode = FALSE
	EndGlobalSection
EndGlobal
